<?xml version="1.0" encoding="utf-8"?>
<Project ToolsVersion="4.0" xmlns="http://schemas.microsoft.com/developer/msbuild/2003">
  <ItemGroup>
    <Filter Include="Source Files">
      <UniqueIdentifier>{4FC737F1-C7A5-4376-A066-2A32D752A2FF}</UniqueIdentifier>
      <Extensions>cpp;c;cc;cxx;def;odl;idl;hpj;bat;asm;asmx</Extensions>
    </Filter>
    <Filter Include="Header Files">
      <UniqueIdentifier>{93995380-89BD-4b04-88EB-625FBE52EBFB}</UniqueIdentifier>
      <Extensions>h;hh;hpp;hxx;hm;inl;inc;xsd</Extensions>
    </Filter>
    <Filter Include="Resource Files">
      <UniqueIdentifier>{67DA6AB6-F800-4c08-8B7A-83BB121AAD01}</UniqueIdentifier>
      <Extensions>rc;ico;cur;bmp;dlg;rc2;rct;bin;rgs;gif;jpg;jpeg;jpe;resx;tiff;tif;png;wav;mfcribbon-ms</Extensions>
    </Filter>
    <Filter Include="Project Files">
      <UniqueIdentifier>{899d216a-7559-4b35-bb9e-ec4052401b10}</UniqueIdentifier>
    </Filter>
    <Filter Include="Include Files">
      <UniqueIdentifier>{87ee650c-4fa8-43a0-934e-db48c85a3fb3}</UniqueIdentifier>
    </Filter>
  </ItemGroup>
  <ItemGroup>
    <ClCompile Include="src\qtplugininterface.cpp">
      <Filter>Source Files</Filter>
    </ClCompile>
    <ClCompile Include="src\qtpluginmanager.cpp">
      <Filter>Source Files</Filter>
    </ClCompile>
    <ClCompile Include="src\qtpluginmanagerdialog.cpp">
      <Filter>Source Files</Filter>
    </ClCompile>
    <ClCompile Include="src\qtpluginpropertymodel.cpp">
      <Filter>Source Files</Filter>
    </ClCompile>
    <ClCompile Include="src\qtplugintreeview.cpp">
      <Filter>Source Files</Filter>
    </ClCompile>
  </ItemGroup>
  <ItemGroup>
    <ClInclude Include="src\qtplugininterface.h">
      <Filter>Header Files</Filter>
    </ClInclude>
    <ClInclude Include="src\qtpluginmanager.h">
      <Filter>Header Files</Filter>
    </ClInclude>
    <ClInclude Include="src\qtpluginmanagerdialog.h">
      <Filter>Header Files</Filter>
    </ClInclude>
    <ClInclude Include="src\qtpluginmetadata.h">
      <Filter>Header Files</Filter>
    </ClInclude>
    <ClInclude Include="src\qtpluginpropertymodel.h">
      <Filter>Header Files</Filter>
    </ClInclude>
    <ClInclude Include="src\qtplugintreeview.h">
      <Filter>Header Files</Filter>
    </ClInclude>
    <ClInclude Include="src\qtpluginsext.h">
      <Filter>Header Files</Filter>
    </ClInclude>
  </ItemGroup>
  <ItemGroup>
    <None Include="qtplugins.pri">
      <Filter>Project Files</Filter>
    </None>
    <None Include="qtplugins.pro">
      <Filter>Project Files</Filter>
    </None>
    <None Include="qtplugins.qrc">
      <Filter>Project Files</Filter>
    </None>
    <None Include="include\QtPluginInterface">
      <Filter>Include Files</Filter>
    </None>
    <None Include="include\QtPluginManager">
      <Filter>Include Files</Filter>
    </None>
    <None Include="include\QtPluginManagerDialog">
      <Filter>Include Files</Filter>
    </None>
    <None Include="include\QtPluginPropertyModel">
      <Filter>Include Files</Filter>
    </None>
    <None Include="include\QtPluginsExt">
      <Filter>Include Files</Filter>
    </None>
    <None Include="include\QtPluginTreeView">
      <Filter>Include Files</Filter>
    </None>
  </ItemGroup>
</Project>